
Microsoft Visual Studio Solution File, Format Version 12.00
# Visual Studio Version 17
VisualStudioVersion = 17.3.32901.215
MinimumVisualStudioVersion = 10.0.40219.1
Project("{FAE04EC0-301F-11D3-BF4B-00C04F79EFBC}") = "alışveriş-uygulama", "alışveriş-uygulama\alışveriş-uygulama.csproj", "{14414DFA-BBB7-484A-84B4-092AD1EF4DED}"
EndProject
Global
	GlobalSection(SolutionConfigurationPlatforms) = preSolution
		Debug|Any CPU = Debug|Any CPU
		Release|Any CPU = Release|Any CPU
	EndGlobalSection
	GlobalSection(ProjectConfigurationPlatforms) = postSolution
		{14414DFA-BBB7-484A-84B4-092AD1EF4DED}.Debug|Any CPU.ActiveCfg = Debug|Any CPU
		{14414DFA-BBB7-484A-84B4-092AD1EF4DED}.Debug|Any CPU.Build.0 = Debug|Any CPU
		{14414DFA-BBB7-484A-84B4-092AD1EF4DED}.Release|Any CPU.ActiveCfg = Release|Any CPU
		{14414DFA-BBB7-484A-84B4-092AD1EF4DED}.Release|Any CPU.Build.0 = Release|Any CPU
	EndGlobalSection
	GlobalSection(SolutionProperties) = preSolution
		HideSolutionNode = FALSE
	EndGlobalSection
	GlobalSection(ExtensibilityGlobals) = postSolution
		SolutionGuid = {60B5E43A-7C85-44D7-BEEC-7EFD67CD9C04}
	EndGlobalSection
EndGlobal
